# This file is automatically @generated by Cargo.
# It is not intended for manual editing.
version = 3

[[package]]
name = "ahash"
version = "0.3.8"
source = "registry+https://github.com/rust-lang/crates.io-index"
checksum = "e8fd72866655d1904d6b0997d0b07ba561047d070fbe29de039031c641b61217"
dependencies = [
 "const-random",
]

[[package]]
name = "ansi_term"
version = "0.12.1"
source = "registry+https://github.com/rust-lang/crates.io-index"
checksum = "d52a9bb7ec0cf484c551830a7ce27bd20d67eac647e1befb56b0be4ee39a55d2"
dependencies = [
 "winapi",
]

[[package]]
name = "ariadne"
version = "0.1.5"
source = "registry+https://github.com/rust-lang/crates.io-index"
checksum = "f1cb2a2046bea8ce5e875551f5772024882de0b540c7f93dfc5d6cf1ca8b030c"
dependencies = [
 "yansi",
]

[[package]]
name = "cfg-if"
version = "1.0.0"
source = "registry+https://github.com/rust-lang/crates.io-index"
checksum = "baf1de4339761588bc0619e3cbc0120ee582ebb74b53b4efbf79117bd2da40fd"

[[package]]
name = "chumsky"
version = "0.5.0"
source = "git+https://github.com/ryo33/chumsky#4ed7ad911dfdf52a9195ca8bff3557ee42286227"
dependencies = [
 "ahash",
]

[[package]]
name = "const-random"
version = "0.1.13"
source = "registry+https://github.com/rust-lang/crates.io-index"
checksum = "f590d95d011aa80b063ffe3253422ed5aa462af4e9867d43ce8337562bac77c4"
dependencies = [
 "const-random-macro",
 "proc-macro-hack",
]

[[package]]
name = "const-random-macro"
version = "0.1.13"
source = "registry+https://github.com/rust-lang/crates.io-index"
checksum = "615f6e27d000a2bffbc7f2f6a8669179378fa27ee4d0a509e985dfc0a7defb40"
dependencies = [
 "getrandom",
 "lazy_static",
 "proc-macro-hack",
 "tiny-keccak",
]

[[package]]
name = "crunchy"
version = "0.2.2"
source = "registry+https://github.com/rust-lang/crates.io-index"
checksum = "7a81dae078cea95a014a339291cec439d2f232ebe854a9d672b796c6afafa9b7"

[[package]]
name = "ctor"
version = "0.1.21"
source = "registry+https://github.com/rust-lang/crates.io-index"
checksum = "ccc0a48a9b826acdf4028595adc9db92caea352f7af011a3034acd172a52a0aa"
dependencies = [
 "quote",
 "syn",
]

[[package]]
name = "deskc"
version = "0.1.0"

[[package]]
name = "deskc-amir"
version = "0.1.0"
dependencies = [
 "deskc-types",
 "serde",
]

[[package]]
name = "deskc-amirgen"
version = "0.1.0"
dependencies = [
 "deskc-amir",
 "deskc-thir",
 "deskc-types",
 "thiserror",
]

[[package]]
name = "deskc-ast"
version = "0.1.0"
dependencies = [
 "uuid",
]

[[package]]
name = "deskc-concretizer"
version = "0.1.0"
dependencies = [
 "deskc-amir",
 "deskc-mir",
 "deskc-types",
]

[[package]]
name = "deskc-dson"
version = "0.1.0"

[[package]]
name = "deskc-evalmir"
version = "0.1.0"
dependencies = [
 "chumsky",
 "deskc-hirgen",
 "deskc-lexer",
 "deskc-mir",
 "deskc-parser",
 "deskc-typeinfer",
 "deskc-types",
 "serde",
]

[[package]]
name = "deskc-file"
version = "0.1.0"

[[package]]
name = "deskc-fmt"
version = "0.1.0"

[[package]]
name = "deskc-hir"
version = "0.1.0"
dependencies = [
 "deskc-file",
 "uuid",
]

[[package]]
name = "deskc-hirgen"
version = "0.1.0"
dependencies = [
 "chumsky",
 "deskc-ast",
 "deskc-file",
 "deskc-hir",
 "deskc-lexer",
 "deskc-parser",
 "pretty_assertions",
 "thiserror",
]

[[package]]
name = "deskc-language-server"
version = "0.1.0"

[[package]]
name = "deskc-lexer"
version = "0.1.0"
dependencies = [
 "chumsky",
 "deskc-tokens",
 "uuid",
]

[[package]]
name = "deskc-mir"
version = "0.1.0"
dependencies = [
 "deskc-amir",
 "deskc-types",
 "serde",
]

[[package]]
name = "deskc-parser"
version = "0.1.0"
dependencies = [
 "chumsky",
 "deskc-ast",
 "deskc-lexer",
 "deskc-tokens",
]

[[package]]
name = "deskc-test-integration"
version = "0.1.0"
dependencies = [
 "ariadne",
 "chumsky",
 "deskc-amirgen",
 "deskc-concretizer",
 "deskc-dson",
 "deskc-evalmir",
 "deskc-file",
 "deskc-hir",
 "deskc-hirgen",
 "deskc-lexer",
 "deskc-parser",
 "deskc-thir",
 "deskc-thir2dson",
 "deskc-thirgen",
 "deskc-typeinfer",
 "deskc-types",
 "pretty_assertions",
 "serde",
 "serde_dson",
]

[[package]]
name = "deskc-thir"
version = "0.1.0"
dependencies = [
 "deskc-types",
]

[[package]]
name = "deskc-thir2dson"
version = "0.1.0"
dependencies = [
 "deskc-dson",
 "deskc-thir",
 "deskc-types",
 "thiserror",
]

[[package]]
name = "deskc-thirgen"
version = "0.1.0"
dependencies = [
 "chumsky",
 "deskc-file",
 "deskc-hir",
 "deskc-hirgen",
 "deskc-lexer",
 "deskc-parser",
 "deskc-thir",
 "deskc-typeinfer",
 "deskc-types",
 "pretty_assertions",
 "thiserror",
]

[[package]]
name = "deskc-tokens"
version = "0.1.0"
dependencies = [
 "uuid",
]

[[package]]
name = "deskc-typeinfer"
version = "0.1.0"
dependencies = [
 "chumsky",
 "deskc-file",
 "deskc-hir",
 "deskc-hirgen",
 "deskc-lexer",
 "deskc-parser",
 "deskc-types",
 "pretty_assertions",
 "thiserror",
]

[[package]]
name = "deskc-types"
version = "0.1.0"
dependencies = [
 "serde",
]

[[package]]
name = "diff"
version = "0.1.12"
source = "registry+https://github.com/rust-lang/crates.io-index"
checksum = "0e25ea47919b1560c4e3b7fe0aaab9becf5b84a10325ddf7db0f0ba5e1026499"

[[package]]
name = "getrandom"
version = "0.2.3"
source = "registry+https://github.com/rust-lang/crates.io-index"
checksum = "7fcd999463524c52659517fe2cea98493cfe485d10565e7b0fb07dbba7ad2753"
dependencies = [
 "cfg-if",
 "libc",
 "wasi",
]

[[package]]
name = "lazy_static"
version = "1.4.0"
source = "registry+https://github.com/rust-lang/crates.io-index"
checksum = "e2abad23fbc42b3700f2f279844dc832adb2b2eb069b2df918f455c4e18cc646"

[[package]]
name = "libc"
version = "0.2.107"
source = "registry+https://github.com/rust-lang/crates.io-index"
checksum = "fbe5e23404da5b4f555ef85ebed98fb4083e55a00c317800bc2a50ede9f3d219"

[[package]]
name = "output_vt100"
version = "0.1.2"
source = "registry+https://github.com/rust-lang/crates.io-index"
checksum = "53cdc5b785b7a58c5aad8216b3dfa114df64b0b06ae6e1501cef91df2fbdf8f9"
dependencies = [
 "winapi",
]

[[package]]
name = "pretty_assertions"
version = "1.0.0"
source = "registry+https://github.com/rust-lang/crates.io-index"
checksum = "ec0cfe1b2403f172ba0f234e500906ee0a3e493fb81092dac23ebefe129301cc"
dependencies = [
 "ansi_term",
 "ctor",
 "diff",
 "output_vt100",
]

[[package]]
name = "proc-macro-hack"
version = "0.5.19"
source = "registry+https://github.com/rust-lang/crates.io-index"
checksum = "dbf0c48bc1d91375ae5c3cd81e3722dff1abcf81a30960240640d223f59fe0e5"

[[package]]
name = "proc-macro2"
version = "1.0.32"
source = "registry+https://github.com/rust-lang/crates.io-index"
checksum = "ba508cc11742c0dc5c1659771673afbab7a0efab23aa17e854cbab0837ed0b43"
dependencies = [
 "unicode-xid",
]

[[package]]
name = "quote"
version = "1.0.10"
source = "registry+https://github.com/rust-lang/crates.io-index"
checksum = "38bc8cc6a5f2e3655e0899c1b848643b2562f853f114bfec7be120678e3ace05"
dependencies = [
 "proc-macro2",
]

[[package]]
name = "serde"
version = "1.0.130"
source = "registry+https://github.com/rust-lang/crates.io-index"
checksum = "f12d06de37cf59146fbdecab66aa99f9fe4f78722e3607577a5375d66bd0c913"
dependencies = [
 "serde_derive",
]

[[package]]
name = "serde_derive"
version = "1.0.130"
source = "registry+https://github.com/rust-lang/crates.io-index"
checksum = "d7bc1a1ab1961464eae040d96713baa5a724a8152c1222492465b54322ec508b"
dependencies = [
 "proc-macro2",
 "quote",
 "syn",
]

[[package]]
name = "serde_dson"
version = "0.1.0"
dependencies = [
 "deskc-dson",
 "serde",
 "thiserror",
]

[[package]]
name = "syn"
version = "1.0.81"
source = "registry+https://github.com/rust-lang/crates.io-index"
checksum = "f2afee18b8beb5a596ecb4a2dce128c719b4ba399d34126b9e4396e3f9860966"
dependencies = [
 "proc-macro2",
 "quote",
 "unicode-xid",
]

[[package]]
name = "thiserror"
version = "1.0.30"
source = "registry+https://github.com/rust-lang/crates.io-index"
checksum = "854babe52e4df1653706b98fcfc05843010039b406875930a70e4d9644e5c417"
dependencies = [
 "thiserror-impl",
]

[[package]]
name = "thiserror-impl"
version = "1.0.30"
source = "registry+https://github.com/rust-lang/crates.io-index"
checksum = "aa32fd3f627f367fe16f893e2597ae3c05020f8bba2666a4e6ea73d377e5714b"
dependencies = [
 "proc-macro2",
 "quote",
 "syn",
]

[[package]]
name = "tiny-keccak"
version = "2.0.2"
source = "registry+https://github.com/rust-lang/crates.io-index"
checksum = "2c9d3793400a45f954c52e73d068316d76b6f4e36977e3fcebb13a2721e80237"
dependencies = [
 "crunchy",
]

[[package]]
name = "unicode-xid"
version = "0.2.2"
source = "registry+https://github.com/rust-lang/crates.io-index"
checksum = "8ccb82d61f80a663efe1f787a51b16b5a51e3314d6ac365b08639f52387b33f3"

[[package]]
name = "uuid"
version = "0.8.2"
source = "registry+https://github.com/rust-lang/crates.io-index"
checksum = "bc5cf98d8186244414c848017f0e2676b3fcb46807f6668a97dfe67359a3c4b7"

[[package]]
name = "wasi"
version = "0.10.2+wasi-snapshot-preview1"
source = "registry+https://github.com/rust-lang/crates.io-index"
checksum = "fd6fbd9a79829dd1ad0cc20627bf1ed606756a7f77edff7b66b7064f9cb327c6"

[[package]]
name = "winapi"
version = "0.3.9"
source = "registry+https://github.com/rust-lang/crates.io-index"
checksum = "5c839a674fcd7a98952e593242ea400abe93992746761e38641405d28b00f419"
dependencies = [
 "winapi-i686-pc-windows-gnu",
 "winapi-x86_64-pc-windows-gnu",
]

[[package]]
name = "winapi-i686-pc-windows-gnu"
version = "0.4.0"
source = "registry+https://github.com/rust-lang/crates.io-index"
checksum = "ac3b87c63620426dd9b991e5ce0329eff545bccbbb34f3be09ff6fb6ab51b7b6"

[[package]]
name = "winapi-x86_64-pc-windows-gnu"
version = "0.4.0"
source = "registry+https://github.com/rust-lang/crates.io-index"
checksum = "712e227841d057c1ee1cd2fb22fa7e5a5461ae8e48fa2ca79ec42cfc1931183f"

[[package]]
name = "yansi"
version = "0.5.1"
source = "registry+https://github.com/rust-lang/crates.io-index"
checksum = "09041cd90cf85f7f8b2df60c646f853b7f535ce68f85244eb6731cf89fa498ec"
